// !$*UTF8*$!
{
	"archiveVersion" = 1;
	"classes" = {
	};
	"objectVersion" = 56;
	"objects" = {
		"65D3D37658A9EB4BF4726E0E" = {
			"isa" = "PBXFileReference";
			"lastKnownFileType" = "sourcecode.swift";
			"path" = "AI8GUKingApp.swift";
			"sourceTree" = "<group>";
		};
		"0E182215C44771DE31E19E03" = {
			"isa" = "PBXBuildFile";
			"fileRef" = "65D3D37658A9EB4BF4726E0E";
		};
		"1F41ED173FD86A49AC852088" = {
			"isa" = "PBXFileReference";
			"lastKnownFileType" = "sourcecode.swift";
			"path" = "OfflineAssetInstaller.swift";
			"sourceTree" = "<group>";
		};
		"E57E94C4D1B5ABF93AE76376" = {
			"isa" = "PBXBuildFile";
			"fileRef" = "1F41ED173FD86A49AC852088";
		};
		"E85434C6E0246CD2CBD5FC19" = {
			"isa" = "PBXFileReference";
			"lastKnownFileType" = "sourcecode.swift";
			"path" = "OfflineWebView.swift";
			"sourceTree" = "<group>";
		};
		"6BB80210A90EC778A1B9C831" = {
			"isa" = "PBXBuildFile";
			"fileRef" = "E85434C6E0246CD2CBD5FC19";
		};
		"75797D366E846AEE9897C03C" = {
			"isa" = "PBXFileReference";
			"lastKnownFileType" = "sourcecode.swift";
			"path" = "ReaderModel.swift";
			"sourceTree" = "<group>";
		};
		"EBBFD11BF285111DE9FAF125" = {
			"isa" = "PBXBuildFile";
			"fileRef" = "75797D366E846AEE9897C03C";
		};
		"1E2108EA1EE0F7AF2A297381" = {
			"isa" = "PBXFileReference";
			"lastKnownFileType" = "sourcecode.swift";
			"path" = "ReaderScreen.swift";
			"sourceTree" = "<group>";
		};
		"16C9E286483ADC4148F117DA" = {
			"isa" = "PBXBuildFile";
			"fileRef" = "1E2108EA1EE0F7AF2A297381";
		};
		"75B13235D681EFADD9C29A79" = {
			"isa" = "PBXFileReference";
			"lastKnownFileType" = "text.plist.xml";
			"path" = "Info.plist";
			"sourceTree" = "<group>";
		};
		"C8AA0765840735F294B5C5FC" = {
			"isa" = "PBXFileReference";
			"lastKnownFileType" = "folder";
			"path" = "Resources";
			"sourceTree" = "<group>";
		};
		"3A94BB07224E6FBA2B7113D3" = {
			"isa" = "PBXFileReference";
			"lastKnownFileType" = "folder.assetcatalog";
			"path" = "Assets.xcassets";
			"sourceTree" = "<group>";
		};
		"CF5B3313D417F4C4CAB9BC99" = {
			"isa" = "PBXBuildFile";
			"fileRef" = "C8AA0765840735F294B5C5FC";
		};
		"453924BD81A2F3A51A943C3A" = {
			"isa" = "PBXBuildFile";
			"fileRef" = "3A94BB07224E6FBA2B7113D3";
		};
		"CF8D0BD4B75E8C2C174692A5" = {
			"isa" = "PBXGroup";
			"children" = (
				"65D3D37658A9EB4BF4726E0E",
				"1F41ED173FD86A49AC852088",
				"E85434C6E0246CD2CBD5FC19",
				"75797D366E846AEE9897C03C",
				"1E2108EA1EE0F7AF2A297381",
				"75B13235D681EFADD9C29A79",
				"C8AA0765840735F294B5C5FC",
				"3A94BB07224E6FBA2B7113D3",
			);
			"path" = "AI8GUKing";
			"sourceTree" = "<group>";
		};
		"D30021DF807D4FBDF1FE22C5" = {
			"isa" = "PBXFileReference";
			"lastKnownFileType" = "sourcecode.swift";
			"path" = "AI8GUKingUITests.swift";
			"sourceTree" = "<group>";
		};
		"AE732EC76C6881743F80375B" = {
			"isa" = "PBXGroup";
			"children" = (
				"D30021DF807D4FBDF1FE22C5",
			);
			"path" = "AI8GUKingUITests";
			"sourceTree" = "<group>";
		};
		"A90A500259C45D2E9527B27B" = {
			"isa" = "PBXBuildFile";
			"fileRef" = "D30021DF807D4FBDF1FE22C5";
		};
		"65EEA6EEEBB3394B91C986C6" = {
			"isa" = "PBXFileReference";
			"lastKnownFileType" = "sourcecode.swift";
			"path" = "OfflineRuntimeTests.swift";
			"sourceTree" = "<group>";
		};
		"81728F200D77E98670584871" = {
			"isa" = "PBXGroup";
			"children" = (
				"65EEA6EEEBB3394B91C986C6",
			);
			"path" = "AI8GUKingTests";
			"sourceTree" = "<group>";
		};
		"D04B2280263091204A49CEA5" = {
			"isa" = "PBXBuildFile";
			"fileRef" = "65EEA6EEEBB3394B91C986C6";
		};
		"B6CDB6E5D160E013280D3C68" = {
			"isa" = "PBXFileReference";
			"explicitFileType" = "wrapper.application";
			"includeInIndex" = 0;
			"path" = "AI8GUKing.app";
			"sourceTree" = "BUILT_PRODUCTS_DIR";
		};
		"2DC2D7827160987765974061" = {
			"isa" = "PBXFileReference";
			"explicitFileType" = "wrapper.cfbundle";
			"includeInIndex" = 0;
			"path" = "AI8GUKingUITests.xctest";
			"sourceTree" = "BUILT_PRODUCTS_DIR";
		};
		"AC1FC2BDD00BBC9299406485" = {
			"isa" = "PBXFileReference";
			"explicitFileType" = "wrapper.cfbundle";
			"includeInIndex" = 0;
			"path" = "AI8GUKingTests.xctest";
			"sourceTree" = "BUILT_PRODUCTS_DIR";
		};
		"00C45FD35CB0F9C5F764F070" = {
			"isa" = "PBXGroup";
			"children" = (
				"B6CDB6E5D160E013280D3C68",
				"2DC2D7827160987765974061",
				"AC1FC2BDD00BBC9299406485",
			);
			"name" = "Products";
			"sourceTree" = "<group>";
		};
		"ADCF10F76EBF2A74473E9DC4" = {
			"isa" = "PBXGroup";
			"children" = (
				"CF8D0BD4B75E8C2C174692A5",
				"AE732EC76C6881743F80375B",
				"81728F200D77E98670584871",
				"00C45FD35CB0F9C5F764F070",
			);
			"sourceTree" = "<group>";
		};
		"1CDF2F71A52B082132B04DFF" = {
			"isa" = "PBXSourcesBuildPhase";
			"buildActionMask" = 2147483647;
			"files" = (
				"0E182215C44771DE31E19E03",
				"E57E94C4D1B5ABF93AE76376",
				"6BB80210A90EC778A1B9C831",
				"EBBFD11BF285111DE9FAF125",
				"16C9E286483ADC4148F117DA",
			);
			"runOnlyForDeploymentPostprocessing" = 0;
		};
		"CF5BDB0BEAFE176F9629192A" = {
			"isa" = "PBXFrameworksBuildPhase";
			"buildActionMask" = 2147483647;
			"files" = (
			);
			"runOnlyForDeploymentPostprocessing" = 0;
		};
		"C02F1309AF4906C92F1EAD44" = {
			"isa" = "PBXResourcesBuildPhase";
			"buildActionMask" = 2147483647;
			"files" = (
				"CF5B3313D417F4C4CAB9BC99",
				"453924BD81A2F3A51A943C3A",
			);
			"runOnlyForDeploymentPostprocessing" = 0;
		};
		"99622FC356101F9DF864AC42" = {
			"isa" = "PBXSourcesBuildPhase";
			"buildActionMask" = 2147483647;
			"files" = (
				"A90A500259C45D2E9527B27B",
			);
			"runOnlyForDeploymentPostprocessing" = 0;
		};
		"A54744FB0DD9A2D32082E694" = {
			"isa" = "PBXFrameworksBuildPhase";
			"buildActionMask" = 2147483647;
			"files" = (
			);
			"runOnlyForDeploymentPostprocessing" = 0;
		};
		"A8C04310AC3E263F625ABE11" = {
			"isa" = "PBXResourcesBuildPhase";
			"buildActionMask" = 2147483647;
			"files" = (
			);
			"runOnlyForDeploymentPostprocessing" = 0;
		};
		"4FD4520EBA83E11DF8B8DCF8" = {
			"isa" = "PBXSourcesBuildPhase";
			"buildActionMask" = 2147483647;
			"files" = (
				"D04B2280263091204A49CEA5",
			);
			"runOnlyForDeploymentPostprocessing" = 0;
		};
		"3F82725B2800588024E50DB1" = {
			"isa" = "PBXFrameworksBuildPhase";
			"buildActionMask" = 2147483647;
			"files" = (
			);
			"runOnlyForDeploymentPostprocessing" = 0;
		};
		"424A5C775485FCF95ABF1F26" = {
			"isa" = "PBXResourcesBuildPhase";
			"buildActionMask" = 2147483647;
			"files" = (
			);
			"runOnlyForDeploymentPostprocessing" = 0;
		};
		"262E02E3C63E2FBADCBCB6A2" = {
			"isa" = "XCBuildConfiguration";
			"buildSettings" = {
				"ALWAYS_SEARCH_USER_PATHS" = "NO";
				"CLANG_ENABLE_MODULES" = "YES";
				"CLANG_ENABLE_OBJC_ARC" = "YES";
				"IPHONEOS_DEPLOYMENT_TARGET" = "17.0";
				"SDKROOT" = "iphoneos";
				"SWIFT_VERSION" = "5.0";
				"ENABLE_USER_SCRIPT_SANDBOXING" = "YES";
				"GCC_C_LANGUAGE_STANDARD" = "gnu17";
				"SWIFT_OPTIMIZATION_LEVEL" = "-Onone";
				"SWIFT_ACTIVE_COMPILATION_CONDITIONS" = "DEBUG";
				"ENABLE_TESTABILITY" = "YES";
			};
			"name" = "Debug";
		};
		"86E0D76135EE80816AB07AC0" = {
			"isa" = "XCBuildConfiguration";
			"buildSettings" = {
				"ALWAYS_SEARCH_USER_PATHS" = "NO";
				"CLANG_ENABLE_MODULES" = "YES";
				"CLANG_ENABLE_OBJC_ARC" = "YES";
				"IPHONEOS_DEPLOYMENT_TARGET" = "17.0";
				"SDKROOT" = "iphoneos";
				"SWIFT_VERSION" = "5.0";
				"ENABLE_USER_SCRIPT_SANDBOXING" = "YES";
				"GCC_C_LANGUAGE_STANDARD" = "gnu17";
				"SWIFT_COMPILATION_MODE" = "wholemodule";
				"SWIFT_OPTIMIZATION_LEVEL" = "-O";
				"DEBUG_INFORMATION_FORMAT" = "dwarf-with-dsym";
			};
			"name" = "Release";
		};
		"247BF104A9AD002C539DA531" = {
			"isa" = "XCConfigurationList";
			"buildConfigurations" = (
				"262E02E3C63E2FBADCBCB6A2",
				"86E0D76135EE80816AB07AC0",
			);
			"defaultConfigurationIsVisible" = 0;
			"defaultConfigurationName" = "Release";
		};
		"0FE5D1EF1FA727BADCF217D2" = {
			"isa" = "XCBuildConfiguration";
			"buildSettings" = {
				"PRODUCT_BUNDLE_IDENTIFIER" = "com.oopartsfili.ai8guking";
				"PRODUCT_NAME" = "$(TARGET_NAME)";
				"INFOPLIST_FILE" = "AI8GUKing/Info.plist";
				"GENERATE_INFOPLIST_FILE" = "NO";
				"TARGETED_DEVICE_FAMILY" = "1";
				"SUPPORTED_PLATFORMS" = "iphoneos iphonesimulator";
				"SUPPORTS_MACCATALYST" = "NO";
				"CODE_SIGN_STYLE" = "Automatic";
				"ASSETCATALOG_COMPILER_APPICON_NAME" = "AppIcon";
				"MARKETING_VERSION" = "1.5.0";
				"CURRENT_PROJECT_VERSION" = "1";
				"LD_RUNPATH_SEARCH_PATHS" = (
					"$(inherited)",
					"@executable_path/Frameworks",
				);
				"SWIFT_OPTIMIZATION_LEVEL" = "-Onone";
				"SWIFT_ACTIVE_COMPILATION_CONDITIONS" = "DEBUG";
				"ENABLE_TESTABILITY" = "YES";
			};
			"name" = "Debug";
		};
		"196372C5242E3118EE8DE229" = {
			"isa" = "XCBuildConfiguration";
			"buildSettings" = {
				"PRODUCT_BUNDLE_IDENTIFIER" = "com.oopartsfili.ai8guking";
				"PRODUCT_NAME" = "$(TARGET_NAME)";
				"INFOPLIST_FILE" = "AI8GUKing/Info.plist";
				"GENERATE_INFOPLIST_FILE" = "NO";
				"TARGETED_DEVICE_FAMILY" = "1";
				"SUPPORTED_PLATFORMS" = "iphoneos iphonesimulator";
				"SUPPORTS_MACCATALYST" = "NO";
				"CODE_SIGN_STYLE" = "Automatic";
				"ASSETCATALOG_COMPILER_APPICON_NAME" = "AppIcon";
				"MARKETING_VERSION" = "1.5.0";
				"CURRENT_PROJECT_VERSION" = "1";
				"LD_RUNPATH_SEARCH_PATHS" = (
					"$(inherited)",
					"@executable_path/Frameworks",
				);
				"SWIFT_COMPILATION_MODE" = "wholemodule";
				"SWIFT_OPTIMIZATION_LEVEL" = "-O";
				"DEBUG_INFORMATION_FORMAT" = "dwarf-with-dsym";
			};
			"name" = "Release";
		};
		"9EA62D25DFD1EFBA21F6DE7B" = {
			"isa" = "XCConfigurationList";
			"buildConfigurations" = (
				"0FE5D1EF1FA727BADCF217D2",
				"196372C5242E3118EE8DE229",
			);
			"defaultConfigurationIsVisible" = 0;
			"defaultConfigurationName" = "Release";
		};
		"E3724AE13C2F0A0798FA18A6" = {
			"isa" = "XCBuildConfiguration";
			"buildSettings" = {
				"PRODUCT_BUNDLE_IDENTIFIER" = "com.oopartsfili.ai8guking.uitests";
				"PRODUCT_NAME" = "$(TARGET_NAME)";
				"GENERATE_INFOPLIST_FILE" = "YES";
				"TARGETED_DEVICE_FAMILY" = "1";
				"TEST_TARGET_NAME" = "AI8GUKing";
				"CODE_SIGN_STYLE" = "Automatic";
				"LD_RUNPATH_SEARCH_PATHS" = (
					"$(inherited)",
					"@executable_path/Frameworks",
					"@loader_path/Frameworks",
				);
				"SWIFT_OPTIMIZATION_LEVEL" = "-Onone";
				"SWIFT_ACTIVE_COMPILATION_CONDITIONS" = "DEBUG";
				"ENABLE_TESTABILITY" = "YES";
			};
			"name" = "Debug";
		};
		"5092733B4FAFDA502AA8E06F" = {
			"isa" = "XCBuildConfiguration";
			"buildSettings" = {
				"PRODUCT_BUNDLE_IDENTIFIER" = "com.oopartsfili.ai8guking.uitests";
				"PRODUCT_NAME" = "$(TARGET_NAME)";
				"GENERATE_INFOPLIST_FILE" = "YES";
				"TARGETED_DEVICE_FAMILY" = "1";
				"TEST_TARGET_NAME" = "AI8GUKing";
				"CODE_SIGN_STYLE" = "Automatic";
				"LD_RUNPATH_SEARCH_PATHS" = (
					"$(inherited)",
					"@executable_path/Frameworks",
					"@loader_path/Frameworks",
				);
				"SWIFT_COMPILATION_MODE" = "wholemodule";
				"SWIFT_OPTIMIZATION_LEVEL" = "-O";
				"DEBUG_INFORMATION_FORMAT" = "dwarf-with-dsym";
			};
			"name" = "Release";
		};
		"A703BABEAF536FCAD8A95716" = {
			"isa" = "XCConfigurationList";
			"buildConfigurations" = (
				"E3724AE13C2F0A0798FA18A6",
				"5092733B4FAFDA502AA8E06F",
			);
			"defaultConfigurationIsVisible" = 0;
			"defaultConfigurationName" = "Release";
		};
		"F1ED7AD2AB2D857B2B1DCCB9" = {
			"isa" = "XCBuildConfiguration";
			"buildSettings" = {
				"PRODUCT_BUNDLE_IDENTIFIER" = "com.oopartsfili.ai8guking.tests";
				"PRODUCT_NAME" = "$(TARGET_NAME)";
				"GENERATE_INFOPLIST_FILE" = "YES";
				"TARGETED_DEVICE_FAMILY" = "1";
				"TEST_TARGET_NAME" = "AI8GUKing";
				"CODE_SIGN_STYLE" = "Automatic";
				"LD_RUNPATH_SEARCH_PATHS" = (
					"$(inherited)",
					"@executable_path/Frameworks",
					"@loader_path/Frameworks",
				);
				"TEST_HOST" = "$(BUILT_PRODUCTS_DIR)/AI8GUKing.app/$(BUNDLE_EXECUTABLE_FOLDER_PATH)/AI8GUKing";
				"BUNDLE_LOADER" = "$(TEST_HOST)";
				"SWIFT_OPTIMIZATION_LEVEL" = "-Onone";
				"SWIFT_ACTIVE_COMPILATION_CONDITIONS" = "DEBUG";
				"ENABLE_TESTABILITY" = "YES";
			};
			"name" = "Debug";
		};
		"5D3573EB99640B151DE5B61F" = {
			"isa" = "XCBuildConfiguration";
			"buildSettings" = {
				"PRODUCT_BUNDLE_IDENTIFIER" = "com.oopartsfili.ai8guking.tests";
				"PRODUCT_NAME" = "$(TARGET_NAME)";
				"GENERATE_INFOPLIST_FILE" = "YES";
				"TARGETED_DEVICE_FAMILY" = "1";
				"TEST_TARGET_NAME" = "AI8GUKing";
				"CODE_SIGN_STYLE" = "Automatic";
				"LD_RUNPATH_SEARCH_PATHS" = (
					"$(inherited)",
					"@executable_path/Frameworks",
					"@loader_path/Frameworks",
				);
				"TEST_HOST" = "$(BUILT_PRODUCTS_DIR)/AI8GUKing.app/$(BUNDLE_EXECUTABLE_FOLDER_PATH)/AI8GUKing";
				"BUNDLE_LOADER" = "$(TEST_HOST)";
				"SWIFT_COMPILATION_MODE" = "wholemodule";
				"SWIFT_OPTIMIZATION_LEVEL" = "-O";
				"DEBUG_INFORMATION_FORMAT" = "dwarf-with-dsym";
			};
			"name" = "Release";
		};
		"04CB047DA7F5E9364585E037" = {
			"isa" = "XCConfigurationList";
			"buildConfigurations" = (
				"F1ED7AD2AB2D857B2B1DCCB9",
				"5D3573EB99640B151DE5B61F",
			);
			"defaultConfigurationIsVisible" = 0;
			"defaultConfigurationName" = "Release";
		};
		"29C7B681C8D62CBAC94D51C0" = {
			"isa" = "PBXNativeTarget";
			"buildConfigurationList" = "9EA62D25DFD1EFBA21F6DE7B";
			"buildPhases" = (
				"1CDF2F71A52B082132B04DFF",
				"CF5BDB0BEAFE176F9629192A",
				"C02F1309AF4906C92F1EAD44",
			);
			"buildRules" = (
			);
			"dependencies" = (
			);
			"name" = "AI8GUKing";
			"productName" = "AI8GUKing";
			"productReference" = "B6CDB6E5D160E013280D3C68";
			"productType" = "com.apple.product-type.application";
		};
		"D36D33020B6BB89396BD1B34" = {
			"isa" = "PBXContainerItemProxy";
			"containerPortal" = "98F54143AB4E86B28C3AFEE0";
			"proxyType" = 1;
			"remoteGlobalIDString" = "29C7B681C8D62CBAC94D51C0";
			"remoteInfo" = "AI8GUKing";
		};
		"D2F9C6ACC3CFD758A2AF1D96" = {
			"isa" = "PBXTargetDependency";
			"target" = "29C7B681C8D62CBAC94D51C0";
			"targetProxy" = "D36D33020B6BB89396BD1B34";
		};
		"CEFEF1F5CE13C5A04BC4C468" = {
			"isa" = "PBXNativeTarget";
			"buildConfigurationList" = "A703BABEAF536FCAD8A95716";
			"buildPhases" = (
				"99622FC356101F9DF864AC42",
				"A54744FB0DD9A2D32082E694",
				"A8C04310AC3E263F625ABE11",
			);
			"buildRules" = (
			);
			"dependencies" = (
				"D2F9C6ACC3CFD758A2AF1D96",
			);
			"name" = "AI8GUKingUITests";
			"productName" = "AI8GUKingUITests";
			"productReference" = "2DC2D7827160987765974061";
			"productType" = "com.apple.product-type.bundle.ui-testing";
		};
		"2B68A2E0315EC058AE4F6310" = {
			"isa" = "PBXNativeTarget";
			"buildConfigurationList" = "04CB047DA7F5E9364585E037";
			"buildPhases" = (
				"4FD4520EBA83E11DF8B8DCF8",
				"3F82725B2800588024E50DB1",
				"424A5C775485FCF95ABF1F26",
			);
			"buildRules" = (
			);
			"dependencies" = (
				"D2F9C6ACC3CFD758A2AF1D96",
			);
			"name" = "AI8GUKingTests";
			"productName" = "AI8GUKingTests";
			"productReference" = "AC1FC2BDD00BBC9299406485";
			"productType" = "com.apple.product-type.bundle.unit-test";
		};
		"98F54143AB4E86B28C3AFEE0" = {
			"isa" = "PBXProject";
			"attributes" = {
				"BuildIndependentTargetsInParallel" = "YES";
				"LastUpgradeCheck" = "1640";
				"TargetAttributes" = {
					"29C7B681C8D62CBAC94D51C0" = {
						"CreatedOnToolsVersion" = "16.4";
					};
					"CEFEF1F5CE13C5A04BC4C468" = {
						"CreatedOnToolsVersion" = "16.4";
						"TestTargetID" = "29C7B681C8D62CBAC94D51C0";
					};
					"2B68A2E0315EC058AE4F6310" = {
						"CreatedOnToolsVersion" = "16.4";
						"TestTargetID" = "29C7B681C8D62CBAC94D51C0";
					};
				};
			};
			"buildConfigurationList" = "247BF104A9AD002C539DA531";
			"compatibilityVersion" = "Xcode 14.0";
			"developmentRegion" = "zh_CN";
			"hasScannedForEncodings" = 0;
			"knownRegions" = (
				"en",
				"zh-Hans",
				"Base",
			);
			"mainGroup" = "ADCF10F76EBF2A74473E9DC4";
			"productRefGroup" = "00C45FD35CB0F9C5F764F070";
			"projectDirPath" = "";
			"projectRoot" = "";
			"targets" = (
				"29C7B681C8D62CBAC94D51C0",
				"CEFEF1F5CE13C5A04BC4C468",
				"2B68A2E0315EC058AE4F6310",
			);
		};
	};
	"rootObject" = "98F54143AB4E86B28C3AFEE0";
}
