<?xml version="1.0" encoding="UTF-8"?>
<Scheme LastUpgradeVersion="1640" version="1.3">
 <BuildAction parallelizeBuildables="YES" buildImplicitDependencies="YES"><BuildActionEntries>
  <BuildActionEntry buildForTesting="YES" buildForRunning="YES" buildForProfiling="YES" buildForArchiving="YES" buildForAnalyzing="YES"><BuildableReference BuildableIdentifier="primary" BlueprintIdentifier="29C7B681C8D62CBAC94D51C0" BuildableName="AI8GUKing.app" BlueprintName="AI8GUKing" ReferencedContainer="container:AI8GUKing.xcodeproj"/></BuildActionEntry>
  <BuildActionEntry buildForTesting="YES" buildForRunning="NO" buildForProfiling="NO" buildForArchiving="NO" buildForAnalyzing="YES"><BuildableReference BuildableIdentifier="primary" BlueprintIdentifier="CEFEF1F5CE13C5A04BC4C468" BuildableName="AI8GUKingUITests.xctest" BlueprintName="AI8GUKingUITests" ReferencedContainer="container:AI8GUKing.xcodeproj"/></BuildActionEntry>
  <BuildActionEntry buildForTesting="YES" buildForRunning="NO" buildForProfiling="NO" buildForArchiving="NO" buildForAnalyzing="YES"><BuildableReference BuildableIdentifier="primary" BlueprintIdentifier="2B68A2E0315EC058AE4F6310" BuildableName="AI8GUKingTests.xctest" BlueprintName="AI8GUKingTests" ReferencedContainer="container:AI8GUKing.xcodeproj"/></BuildActionEntry>
 </BuildActionEntries></BuildAction>
 <TestAction buildConfiguration="Debug" selectedDebuggerIdentifier="Xcode.DebuggerFoundation.Debugger.LLDB" selectedLauncherIdentifier="Xcode.IDEFoundation.Launcher.LLDB" shouldUseLaunchSchemeArgsEnv="YES"><Testables><TestableReference skipped="NO"><BuildableReference BuildableIdentifier="primary" BlueprintIdentifier="2B68A2E0315EC058AE4F6310" BuildableName="AI8GUKingTests.xctest" BlueprintName="AI8GUKingTests" ReferencedContainer="container:AI8GUKing.xcodeproj"/></TestableReference><TestableReference skipped="NO"><BuildableReference BuildableIdentifier="primary" BlueprintIdentifier="CEFEF1F5CE13C5A04BC4C468" BuildableName="AI8GUKingUITests.xctest" BlueprintName="AI8GUKingUITests" ReferencedContainer="container:AI8GUKing.xcodeproj"/></TestableReference></Testables></TestAction>
 <LaunchAction buildConfiguration="Debug" selectedDebuggerIdentifier="Xcode.DebuggerFoundation.Debugger.LLDB" selectedLauncherIdentifier="Xcode.IDEFoundation.Launcher.LLDB" launchStyle="0" useCustomWorkingDirectory="NO" ignoresPersistentStateOnLaunch="NO" debugDocumentVersioning="YES" debugServiceExtension="internal" allowLocationSimulation="YES"><BuildableProductRunnable runnableDebuggingMode="0"><BuildableReference BuildableIdentifier="primary" BlueprintIdentifier="29C7B681C8D62CBAC94D51C0" BuildableName="AI8GUKing.app" BlueprintName="AI8GUKing" ReferencedContainer="container:AI8GUKing.xcodeproj"/></BuildableProductRunnable></LaunchAction>
 <ProfileAction buildConfiguration="Release" shouldUseLaunchSchemeArgsEnv="YES" savedToolIdentifier="" useCustomWorkingDirectory="NO" debugDocumentVersioning="YES"><BuildableProductRunnable runnableDebuggingMode="0"><BuildableReference BuildableIdentifier="primary" BlueprintIdentifier="29C7B681C8D62CBAC94D51C0" BuildableName="AI8GUKing.app" BlueprintName="AI8GUKing" ReferencedContainer="container:AI8GUKing.xcodeproj"/></BuildableProductRunnable></ProfileAction>
 <AnalyzeAction buildConfiguration="Debug"/><ArchiveAction buildConfiguration="Release" revealArchiveInOrganizer="YES"/>
</Scheme>